// !$*UTF8*$!
{
	archiveVersion = 1;
	classes = {
	};
	objectVersion = 50;
	objects = {

/* Begin PBXBuildFile section */
		522082AE216A3CFD006C712E /* AppDelegate.swift in Sources */ = {isa = PBXBuildFile; fileRef = 522082AD216A3CFD006C712E /* AppDelegate.swift */; };
		522082B0216A3CFD006C712E /* ViewController.swift in Sources */ = {isa = PBXBuildFile; fileRef = 522082AF216A3CFD006C712E /* ViewController.swift */; };
		522082B3216A3CFD006C712E /* Main.storyboard in Resources */ = {isa = PBXBuildFile; fileRef = 522082B1216A3CFD006C712E /* Main.storyboard */; };
		522082B5216A3CFE006C712E /* Assets.xcassets in Resources */ = {isa = PBXBuildFile; fileRef = 522082B4216A3CFE006C712E /* Assets.xcassets */; };
		522082B8216A3CFE006C712E /* LaunchScreen.storyboard in Resources */ = {isa = PBXBuildFile; fileRef = 522082B6216A3CFE006C712E /* LaunchScreen.storyboard */; };
		522082C3216A3CFE006C712E /* marsplay_assignmentTests.swift in Sources */ = {isa = PBXBuildFile; fileRef = 522082C2216A3CFE006C712E /* marsplay_assignmentTests.swift */; };
/* End PBXBuildFile section */

/* Begin PBXContainerItemProxy section */
		522082BF216A3CFE006C712E /* PBXContainerItemProxy */ = {
			isa = PBXContainerItemProxy;
			containerPortal = 522082A2216A3CFD006C712E /* Project object */;
			proxyType = 1;
			remoteGlobalIDString = 522082A9216A3CFD006C712E;
			remoteInfo = "marsplay-assignment";
		};
/* End PBXContainerItemProxy section */

/* Begin PBXFileReference section */
		522082AA216A3CFD006C712E /* marsplay-assignment.app */ = {isa = PBXFileReference; explicitFileType = wrapper.application; includeInIndex = 0; path = "marsplay-assignment.app"; sourceTree = BUILT_PRODUCTS_DIR; };
		522082AD216A3CFD006C712E /* AppDelegate.swift */ = {isa = PBXFileReference; lastKnownFileType = sourcecode.swift; path = AppDelegate.swift; sourceTree = "<group>"; };
		522082AF216A3CFD006C712E /* ViewController.swift */ = {isa = PBXFileReference; lastKnownFileType = sourcecode.swift; path = ViewController.swift; sourceTree = "<group>"; };
		522082B2216A3CFD006C712E /* Base */ = {isa = PBXFileReference; lastKnownFileType = file.storyboard; name = Base; path = Base.lproj/Main.storyboard; sourceTree = "<group>"; };
		522082B4216A3CFE006C712E /* Assets.xcassets */ = {isa = PBXFileReference; lastKnownFileType = folder.assetcatalog; path = Assets.xcassets; sourceTree = "<group>"; };
		522082B7216A3CFE006C712E /* Base */ = {isa = PBXFileReference; lastKnownFileType = file.storyboard; name = Base; path = Base.lproj/LaunchScreen.storyboard; sourceTree = "<group>"; };
		522082B9216A3CFE006C712E /* Info.plist */ = {isa = PBXFileReference; lastKnownFileType = text.plist.xml; path = Info.plist; sourceTree = "<group>"; };
		522082BE216A3CFE006C712E /* marsplay-assignmentTests.xctest */ = {isa = PBXFileReference; explicitFileType = wrapper.cfbundle; includeInIndex = 0; path = "marsplay-assignmentTests.xctest"; sourceTree = BUILT_PRODUCTS_DIR; };
		522082C2216A3CFE006C712E /* marsplay_assignmentTests.swift */ = {isa = PBXFileReference; lastKnownFileType = sourcecode.swift; path = marsplay_assignmentTests.swift; sourceTree = "<group>"; };
		522082C4216A3CFE006C712E /* Info.plist */ = {isa = PBXFileReference; lastKnownFileType = text.plist.xml; path = Info.plist; sourceTree = "<group>"; };
/* End PBXFileReference section */

/* Begin PBXFrameworksBuildPhase section */
		522082A7216A3CFD006C712E /* Frameworks */ = {
			isa = PBXFrameworksBuildPhase;
			buildActionMask = 2147483647;
			files = (
			);
			runOnlyForDeploymentPostprocessing = 0;
		};
		522082BB216A3CFE006C712E /* Frameworks */ = {
			isa = PBXFrameworksBuildPhase;
			buildActionMask = 2147483647;
			files = (
			);
			runOnlyForDeploymentPostprocessing = 0;
		};
/* End PBXFrameworksBuildPhase section */

/* Begin PBXGroup section */
		522082A1216A3CFD006C712E = {
			isa = PBXGroup;
			children = (
				522082AC216A3CFD006C712E /* marsplay-assignment */,
				522082C1216A3CFE006C712E /* marsplay-assignmentTests */,
				522082AB216A3CFD006C712E /* Products */,
			);
			sourceTree = "<group>";
		};
		522082AB216A3CFD006C712E /* Products */ = {
			isa = PBXGroup;
			children = (
				522082AA216A3CFD006C712E /* marsplay-assignment.app */,
				522082BE216A3CFE006C712E /* marsplay-assignmentTests.xctest */,
			);
			name = Products;
			sourceTree = "<group>";
		};
		522082AC216A3CFD006C712E /* marsplay-assignment */ = {
			isa = PBXGroup;
			children = (
				522082AD216A3CFD006C712E /* AppDelegate.swift */,
				522082AF216A3CFD006C712E /* ViewController.swift */,
				522082B1216A3CFD006C712E /* Main.storyboard */,
				522082B4216A3CFE006C712E /* Assets.xcassets */,
				522082B6216A3CFE006C712E /* LaunchScreen.storyboard */,
				522082B9216A3CFE006C712E /* Info.plist */,
			);
			path = "marsplay-assignment";
			sourceTree = "<group>";
		};
		522082C1216A3CFE006C712E /* marsplay-assignmentTests */ = {
			isa = PBXGroup;
			children = (
				522082C2216A3CFE006C712E /* marsplay_assignmentTests.swift */,
				522082C4216A3CFE006C712E /* Info.plist */,
			);
			path = "marsplay-assignmentTests";
			sourceTree = "<group>";
		};
/* End PBXGroup section */

/* Begin PBXNativeTarget section */
		522082A9216A3CFD006C712E /* marsplay-assignment */ = {
			isa = PBXNativeTarget;
			buildConfigurationList = 522082C7216A3CFE006C712E /* Build configuration list for PBXNativeTarget "marsplay-assignment" */;
			buildPhases = (
				522082A6216A3CFD006C712E /* Sources */,
				522082A7216A3CFD006C712E /* Frameworks */,
				522082A8216A3CFD006C712E /* Resources */,
			);
			buildRules = (
			);
			dependencies = (
			);
			name = "marsplay-assignment";
			productName = "marsplay-assignment";
			productReference = 522082AA216A3CFD006C712E /* marsplay-assignment.app */;
			productType = "com.apple.product-type.application";
		};
		522082BD216A3CFE006C712E /* marsplay-assignmentTests */ = {
			isa = PBXNativeTarget;
			buildConfigurationList = 522082CA216A3CFE006C712E /* Build configuration list for PBXNativeTarget "marsplay-assignmentTests" */;
			buildPhases = (
				522082BA216A3CFE006C712E /* Sources */,
				522082BB216A3CFE006C712E /* Frameworks */,
				522082BC216A3CFE006C712E /* Resources */,
			);
			buildRules = (
			);
			dependencies = (
				522082C0216A3CFE006C712E /* PBXTargetDependency */,
			);
			name = "marsplay-assignmentTests";
			productName = "marsplay-assignmentTests";
			productReference = 522082BE216A3CFE006C712E /* marsplay-assignmentTests.xctest */;
			productType = "com.apple.product-type.bundle.unit-test";
		};
/* End PBXNativeTarget section */

/* Begin PBXProject section */
		522082A2216A3CFD006C712E /* Project object */ = {
			isa = PBXProject;
			attributes = {
				LastSwiftUpdateCheck = 1000;
				LastUpgradeCheck = 1000;
				ORGANIZATIONNAME = "Rohit Rajput";
				TargetAttributes = {
					522082A9216A3CFD006C712E = {
						CreatedOnToolsVersion = 10.0;
					};
					522082BD216A3CFE006C712E = {
						CreatedOnToolsVersion = 10.0;
						TestTargetID = 522082A9216A3CFD006C712E;
					};
				};
			};
			buildConfigurationList = 522082A5216A3CFD006C712E /* Build configuration list for PBXProject "marsplay-assignment" */;
			compatibilityVersion = "Xcode 9.3";
			developmentRegion = en;
			hasScannedForEncodings = 0;
			knownRegions = (
				en,
				Base,
			);
			mainGroup = 522082A1216A3CFD006C712E;
			productRefGroup = 522082AB216A3CFD006C712E /* Products */;
			projectDirPath = "";
			projectRoot = "";
			targets = (
				522082A9216A3CFD006C712E /* marsplay-assignment */,
				522082BD216A3CFE006C712E /* marsplay-assignmentTests */,
			);
		};
/* End PBXProject section */

/* Begin PBXResourcesBuildPhase section */
		522082A8216A3CFD006C712E /* Resources */ = {
			isa = PBXResourcesBuildPhase;
			buildActionMask = 2147483647;
			files = (
				522082B8216A3CFE006C712E /* LaunchScreen.storyboard in Resources */,
				522082B5216A3CFE006C712E /* Assets.xcassets in Resources */,
				522082B3216A3CFD006C712E /* Main.storyboard in Resources */,
			);
			runOnlyForDeploymentPostprocessing = 0;
		};
		522082BC216A3CFE006C712E /* Resources */ = {
			isa = PBXResourcesBuildPhase;
			buildActionMask = 2147483647;
			files = (
			);
			runOnlyForDeploymentPostprocessing = 0;
		};
/* End PBXResourcesBuildPhase section */

/* Begin PBXSourcesBuildPhase section */
		522082A6216A3CFD006C712E /* Sources */ = {
			isa = PBXSourcesBuildPhase;
			buildActionMask = 2147483647;
			files = (
				522082B0216A3CFD006C712E /* ViewController.swift in Sources */,
				522082AE216A3CFD006C712E /* AppDelegate.swift in Sources */,
			);
			runOnlyForDeploymentPostprocessing = 0;
		};
		522082BA216A3CFE006C712E /* Sources */ = {
			isa = PBXSourcesBuildPhase;
			buildActionMask = 2147483647;
			files = (
				522082C3216A3CFE006C712E /* marsplay_assignmentTests.swift in Sources */,
			);
			runOnlyForDeploymentPostprocessing = 0;
		};
/* End PBXSourcesBuildPhase section */

/* Begin PBXTargetDependency section */
		522082C0216A3CFE006C712E /* PBXTargetDependency */ = {
			isa = PBXTargetDependency;
			target = 522082A9216A3CFD006C712E /* marsplay-assignment */;
			targetProxy = 522082BF216A3CFE006C712E /* PBXContainerItemProxy */;
		};
/* End PBXTargetDependency section */

/* Begin PBXVariantGroup section */
		522082B1216A3CFD006C712E /* Main.storyboard */ = {
			isa = PBXVariantGroup;
			children = (
				522082B2216A3CFD006C712E /* Base */,
			);
			name = Main.storyboard;
			sourceTree = "<group>";
		};
		522082B6216A3CFE006C712E /* LaunchScreen.storyboard */ = {
			isa = PBXVariantGroup;
			children = (
				522082B7216A3CFE006C712E /* Base */,
			);
			name = LaunchScreen.storyboard;
			sourceTree = "<group>";
		};
/* End PBXVariantGroup section */

/* Begin XCBuildConfiguration section */
		522082C5216A3CFE006C712E /* Debug */ = {
			isa = XCBuildConfiguration;
			buildSettings = {
				ALWAYS_SEARCH_USER_PATHS = NO;
				CLANG_ANALYZER_NONNULL = YES;
				CLANG_ANALYZER_NUMBER_OBJECT_CONVERSION = YES_AGGRESSIVE;
				CLANG_CXX_LANGUAGE_STANDARD = "gnu++14";
				CLANG_CXX_LIBRARY = "libc++";
				CLANG_ENABLE_MODULES = YES;
				CLANG_ENABLE_OBJC_ARC = YES;
				CLANG_ENABLE_OBJC_WEAK = YES;
				CLANG_WARN_BLOCK_CAPTURE_AUTORELEASING = YES;
				CLANG_WARN_BOOL_CONVERSION = YES;
				CLANG_WARN_COMMA = YES;
				CLANG_WARN_CONSTANT_CONVERSION = YES;
				CLANG_WARN_DEPRECATED_OBJC_IMPLEMENTATIONS = YES;
				CLANG_WARN_DIRECT_OBJC_ISA_USAGE = YES_ERROR;
				CLANG_WARN_DOCUMENTATION_COMMENTS = YES;
				CLANG_WARN_EMPTY_BODY = YES;
				CLANG_WARN_ENUM_CONVERSION = YES;
				CLANG_WARN_INFINITE_RECURSION = YES;
				CLANG_WARN_INT_CONVERSION = YES;
				CLANG_WARN_NON_LITERAL_NULL_CONVERSION = YES;
				CLANG_WARN_OBJC_IMPLICIT_RETAIN_SELF = YES;
				CLANG_WARN_OBJC_LITERAL_CONVERSION = YES;
				CLANG_WARN_OBJC_ROOT_CLASS = YES_ERROR;
				CLANG_WARN_RANGE_LOOP_ANALYSIS = YES;
				CLANG_WARN_STRICT_PROTOTYPES = YES;
				CLANG_WARN_SUSPICIOUS_MOVE = YES;
				CLANG_WARN_UNGUARDED_AVAILABILITY = YES_AGGRESSIVE;
				CLANG_WARN_UNREACHABLE_CODE = YES;
				CLANG_WARN__DUPLICATE_METHOD_MATCH = YES;
				CODE_SIGN_IDENTITY = "iPhone Developer";
				COPY_PHASE_STRIP = NO;
				DEBUG_INFORMATION_FORMAT = dwarf;
				ENABLE_STRICT_OBJC_MSGSEND = YES;
				ENABLE_TESTABILITY = YES;
				GCC_C_LANGUAGE_STANDARD = gnu11;
				GCC_DYNAMIC_NO_PIC = NO;
				GCC_NO_COMMON_BLOCKS = YES;
				GCC_OPTIMIZATION_LEVEL = 0;
				GCC_PREPROCESSOR_DEFINITIONS = (
					"DEBUG=1",
					"$(inherited)",
				);
				GCC_WARN_64_TO_32_BIT_CONVERSION = YES;
				GCC_WARN_ABOUT_RETURN_TYPE = YES_ERROR;
				GCC_WARN_UNDECLARED_SELECTOR = YES;
				GCC_WARN_UNINITIALIZED_AUTOS = YES_AGGRESSIVE;
				GCC_WARN_UNUSED_FUNCTION = YES;
				GCC_WARN_UNUSED_VARIABLE = YES;
				IPHONEOS_DEPLOYMENT_TARGET = 12.0;
				MTL_ENABLE_DEBUG_INFO = INCLUDE_SOURCE;
				MTL_FAST_MATH = YES;
				ONLY_ACTIVE_ARCH = YES;
				SDKROOT = iphoneos;
				SWIFT_ACTIVE_COMPILATION_CONDITIONS = DEBUG;
				SWIFT_OPTIMIZATION_LEVEL = "-Onone";
			};
			name = Debug;
		};
		522082C6216A3CFE006C712E /* Release */ = {
			isa = XCBuildConfiguration;
			buildSettings = {
				ALWAYS_SEARCH_USER_PATHS = NO;
				CLANG_ANALYZER_NONNULL = YES;
				CLANG_ANALYZER_NUMBER_OBJECT_CONVERSION = YES_AGGRESSIVE;
				CLANG_CXX_LANGUAGE_STANDARD = "gnu++14";
				CLANG_CXX_LIBRARY = "libc++";
				CLANG_ENABLE_MODULES = YES;
				CLANG_ENABLE_OBJC_ARC = YES;
				CLANG_ENABLE_OBJC_WEAK = YES;
				CLANG_WARN_BLOCK_CAPTURE_AUTORELEASING = YES;
				CLANG_WARN_BOOL_CONVERSION = YES;
				CLANG_WARN_COMMA = YES;
				CLANG_WARN_CONSTANT_CONVERSION = YES;
				CLANG_WARN_DEPRECATED_OBJC_IMPLEMENTATIONS = YES;
				CLANG_WARN_DIRECT_OBJC_ISA_USAGE = YES_ERROR;
				CLANG_WARN_DOCUMENTATION_COMMENTS = YES;
				CLANG_WARN_EMPTY_BODY = YES;
				CLANG_WARN_ENUM_CONVERSION = YES;
				CLANG_WARN_INFINITE_RECURSION = YES;
				CLANG_WARN_INT_CONVERSION = YES;
				CLANG_WARN_NON_LITERAL_NULL_CONVERSION = YES;
				CLANG_WARN_OBJC_IMPLICIT_RETAIN_SELF = YES;
				CLANG_WARN_OBJC_LITERAL_CONVERSION = YES;
				CLANG_WARN_OBJC_ROOT_CLASS = YES_ERROR;
				CLANG_WARN_RANGE_LOOP_ANALYSIS = YES;
				CLANG_WARN_STRICT_PROTOTYPES = YES;
				CLANG_WARN_SUSPICIOUS_MOVE = YES;
				CLANG_WARN_UNGUARDED_AVAILABILITY = YES_AGGRESSIVE;
				CLANG_WARN_UNREACHABLE_CODE = YES;
				CLANG_WARN__DUPLICATE_METHOD_MATCH = YES;
				CODE_SIGN_IDENTITY = "iPhone Developer";
				COPY_PHASE_STRIP = NO;
				DEBUG_INFORMATION_FORMAT = "dwarf-with-dsym";
				ENABLE_NS_ASSERTIONS = NO;
				ENABLE_STRICT_OBJC_MSGSEND = YES;
				GCC_C_LANGUAGE_STANDARD = gnu11;
				GCC_NO_COMMON_BLOCKS = YES;
				GCC_WARN_64_TO_32_BIT_CONVERSION = YES;
				GCC_WARN_ABOUT_RETURN_TYPE = YES_ERROR;
				GCC_WARN_UNDECLARED_SELECTOR = YES;
				GCC_WARN_UNINITIALIZED_AUTOS = YES_AGGRESSIVE;
				GCC_WARN_UNUSED_FUNCTION = YES;
				GCC_WARN_UNUSED_VARIABLE = YES;
				IPHONEOS_DEPLOYMENT_TARGET = 12.0;
				MTL_ENABLE_DEBUG_INFO = NO;
				MTL_FAST_MATH = YES;
				SDKROOT = iphoneos;
				SWIFT_COMPILATION_MODE = wholemodule;
				SWIFT_OPTIMIZATION_LEVEL = "-O";
				VALIDATE_PRODUCT = YES;
			};
			name = Release;
		};
		522082C8216A3CFE006C712E /* Debug */ = {
			isa = XCBuildConfiguration;
			buildSettings = {
				ASSETCATALOG_COMPILER_APPICON_NAME = AppIcon;
				CODE_SIGN_STYLE = Automatic;
				DEVELOPMENT_TEAM = 3XAD8B88H6;
				INFOPLIST_FILE = "marsplay-assignment/Info.plist";
				LD_RUNPATH_SEARCH_PATHS = (
					"$(inherited)",
					"@executable_path/Frameworks",
				);
				PRODUCT_BUNDLE_IDENTIFIER = "xyz.marsplay-assignment";
				PRODUCT_NAME = "$(TARGET_NAME)";
				SWIFT_VERSION = 4.2;
				TARGETED_DEVICE_FAMILY = "1,2";
			};
			name = Debug;
		};
		522082C9216A3CFE006C712E /* Release */ = {
			isa = XCBuildConfiguration;
			buildSettings = {
				ASSETCATALOG_COMPILER_APPICON_NAME = AppIcon;
				CODE_SIGN_STYLE = Automatic;
				DEVELOPMENT_TEAM = 3XAD8B88H6;
				INFOPLIST_FILE = "marsplay-assignment/Info.plist";
				LD_RUNPATH_SEARCH_PATHS = (
					"$(inherited)",
					"@executable_path/Frameworks",
				);
				PRODUCT_BUNDLE_IDENTIFIER = "xyz.marsplay-assignment";
				PRODUCT_NAME = "$(TARGET_NAME)";
				SWIFT_VERSION = 4.2;
				TARGETED_DEVICE_FAMILY = "1,2";
			};
			name = Release;
		};
		522082CB216A3CFE006C712E /* Debug */ = {
			isa = XCBuildConfiguration;
			buildSettings = {
				ALWAYS_EMBED_SWIFT_STANDARD_LIBRARIES = YES;
				BUNDLE_LOADER = "$(TEST_HOST)";
				CODE_SIGN_STYLE = Automatic;
				DEVELOPMENT_TEAM = 3XAD8B88H6;
				INFOPLIST_FILE = "marsplay-assignmentTests/Info.plist";
				LD_RUNPATH_SEARCH_PATHS = (
					"$(inherited)",
					"@executable_path/Frameworks",
					"@loader_path/Frameworks",
				);
				PRODUCT_BUNDLE_IDENTIFIER = "xyz.marsplay-assignmentTests";
				PRODUCT_NAME = "$(TARGET_NAME)";
				SWIFT_VERSION = 4.2;
				TARGETED_DEVICE_FAMILY = "1,2";
				TEST_HOST = "$(BUILT_PRODUCTS_DIR)/marsplay-assignment.app/marsplay-assignment";
			};
			name = Debug;
		};
		522082CC216A3CFE006C712E /* Release */ = {
			isa = XCBuildConfiguration;
			buildSettings = {
				ALWAYS_EMBED_SWIFT_STANDARD_LIBRARIES = YES;
				BUNDLE_LOADER = "$(TEST_HOST)";
				CODE_SIGN_STYLE = Automatic;
				DEVELOPMENT_TEAM = 3XAD8B88H6;
				INFOPLIST_FILE = "marsplay-assignmentTests/Info.plist";
				LD_RUNPATH_SEARCH_PATHS = (
					"$(inherited)",
					"@executable_path/Frameworks",
					"@loader_path/Frameworks",
				);
				PRODUCT_BUNDLE_IDENTIFIER = "xyz.marsplay-assignmentTests";
				PRODUCT_NAME = "$(TARGET_NAME)";
				SWIFT_VERSION = 4.2;
				TARGETED_DEVICE_FAMILY = "1,2";
				TEST_HOST = "$(BUILT_PRODUCTS_DIR)/marsplay-assignment.app/marsplay-assignment";
			};
			name = Release;
		};
/* End XCBuildConfiguration section */

/* Begin XCConfigurationList section */
		522082A5216A3CFD006C712E /* Build configuration list for PBXProject "marsplay-assignment" */ = {
			isa = XCConfigurationList;
			buildConfigurations = (
				522082C5216A3CFE006C712E /* Debug */,
				522082C6216A3CFE006C712E /* Release */,
			);
			defaultConfigurationIsVisible = 0;
			defaultConfigurationName = Release;
		};
		522082C7216A3CFE006C712E /* Build configuration list for PBXNativeTarget "marsplay-assignment" */ = {
			isa = XCConfigurationList;
			buildConfigurations = (
				522082C8216A3CFE006C712E /* Debug */,
				522082C9216A3CFE006C712E /* Release */,
			);
			defaultConfigurationIsVisible = 0;
			defaultConfigurationName = Release;
		};
		522082CA216A3CFE006C712E /* Build configuration list for PBXNativeTarget "marsplay-assignmentTests" */ = {
			isa = XCConfigurationList;
			buildConfigurations = (
				522082CB216A3CFE006C712E /* Debug */,
				522082CC216A3CFE006C712E /* Release */,
			);
			defaultConfigurationIsVisible = 0;
			defaultConfigurationName = Release;
		};
/* End XCConfigurationList section */
	};
	rootObject = 522082A2216A3CFD006C712E /* Project object */;
}
